
Microsoft Visual Studio Solution File, Format Version 12.00
# Visual Studio 15
Project("{FAE04EC0-301F-11D3-BF4B-00C04F79EFBC}") = "linq-restrictions", "linq-restrictions\linq-restrictions.csproj", "{7E711DE9-B44C-4AA7-B4AF-0518224B409B}"
EndProject
Project("{D954291E-2A0B-460D-934E-DC6B0785DB48}") = "linq-shared", "linq-shared\linq-shared.shproj", "{8326DE7B-F4BB-4F86-8B5D-440175C2F0D5}"
EndProject
Project("{FAE04EC0-301F-11D3-BF4B-00C04F79EFBC}") = "linq-projections", "linq-projections\linq-projections.csproj", "{A7A45499-8C49-4B74-91CE-D147C0D76250}"
EndProject
Project("{FAE04EC0-301F-11D3-BF4B-00C04F79EFBC}") = "linq-partitioning", "linq-partitioning\linq-partitioning.csproj", "{85B4306F-5BB5-4E06-B8E5-8B2254E93063}"
EndProject
Project("{FAE04EC0-301F-11D3-BF4B-00C04F79EFBC}") = "linq-ordering", "linq-ordering\linq-ordering.csproj", "{6860BB9E-6A74-4D4E-8D18-AB922034D9D2}"
EndProject
Project("{FAE04EC0-301F-11D3-BF4B-00C04F79EFBC}") = "linq-grouping", "linq-grouping\linq-grouping.csproj", "{3FA4951F-4FF1-469C-838F-8C467B1EF467}"
EndProject
Project("{FAE04EC0-301F-11D3-BF4B-00C04F79EFBC}") = "linq-sets", "linq-sets\linq-sets.csproj", "{BF102498-14B9-48A5-B2A8-94B93A22879C}"
EndProject
Project("{FAE04EC0-301F-11D3-BF4B-00C04F79EFBC}") = "linq-conversion", "linq-conversion\linq-conversion.csproj", "{40755F95-871E-4469-9A30-2A2C727DACA7}"
EndProject
Project("{FAE04EC0-301F-11D3-BF4B-00C04F79EFBC}") = "linq-element", "linq-element\linq-element.csproj", "{91204610-6A4F-4D40-86FC-B413BE2B1E3A}"
EndProject
Project("{FAE04EC0-301F-11D3-BF4B-00C04F79EFBC}") = "linq-generation", "linq-generation\linq-generation.csproj", "{B9A21EFA-98D8-475D-A649-9F15F5C47D8E}"
EndProject
Project("{FAE04EC0-301F-11D3-BF4B-00C04F79EFBC}") = "linq-quantifiers", "linq-quantifiers\linq-quantifiers.csproj", "{1FC8ADD4-7394-4A72-8CB5-4AE5C111DAC9}"
EndProject
Project("{FAE04EC0-301F-11D3-BF4B-00C04F79EFBC}") = "linq-aggregate", "linq-aggregate\linq-aggregate.csproj", "{96ED0B27-654A-4D37-992A-183CD2BA15F6}"
EndProject
Project("{FAE04EC0-301F-11D3-BF4B-00C04F79EFBC}") = "linq-miscellaneous", "linq-miscellaneous\linq-miscellaneous.csproj", "{6D7DA36C-69C2-4B12-8BF3-00EC960C0021}"
EndProject
Project("{FAE04EC0-301F-11D3-BF4B-00C04F79EFBC}") = "linq-query", "linq-query\linq-query.csproj", "{B39EA685-84A6-466C-A3DF-B24D93326C44}"
EndProject
Project("{FAE04EC0-301F-11D3-BF4B-00C04F79EFBC}") = "linq-join", "linq-join\linq-join.csproj", "{254997F1-9B09-488B-AC6E-DFFE6791F3E3}"
EndProject
Global
	GlobalSection(SolutionConfigurationPlatforms) = preSolution
		Debug|Any CPU = Debug|Any CPU
		Release|Any CPU = Release|Any CPU
	EndGlobalSection
	GlobalSection(ProjectConfigurationPlatforms) = postSolution
		{7E711DE9-B44C-4AA7-B4AF-0518224B409B}.Debug|Any CPU.ActiveCfg = Debug|Any CPU
		{7E711DE9-B44C-4AA7-B4AF-0518224B409B}.Debug|Any CPU.Build.0 = Debug|Any CPU
		{7E711DE9-B44C-4AA7-B4AF-0518224B409B}.Release|Any CPU.ActiveCfg = Release|Any CPU
		{7E711DE9-B44C-4AA7-B4AF-0518224B409B}.Release|Any CPU.Build.0 = Release|Any CPU
		{A7A45499-8C49-4B74-91CE-D147C0D76250}.Debug|Any CPU.ActiveCfg = Debug|Any CPU
		{A7A45499-8C49-4B74-91CE-D147C0D76250}.Debug|Any CPU.Build.0 = Debug|Any CPU
		{A7A45499-8C49-4B74-91CE-D147C0D76250}.Release|Any CPU.ActiveCfg = Release|Any CPU
		{A7A45499-8C49-4B74-91CE-D147C0D76250}.Release|Any CPU.Build.0 = Release|Any CPU
		{85B4306F-5BB5-4E06-B8E5-8B2254E93063}.Debug|Any CPU.ActiveCfg = Debug|Any CPU
		{85B4306F-5BB5-4E06-B8E5-8B2254E93063}.Debug|Any CPU.Build.0 = Debug|Any CPU
		{85B4306F-5BB5-4E06-B8E5-8B2254E93063}.Release|Any CPU.ActiveCfg = Release|Any CPU
		{85B4306F-5BB5-4E06-B8E5-8B2254E93063}.Release|Any CPU.Build.0 = Release|Any CPU
		{6860BB9E-6A74-4D4E-8D18-AB922034D9D2}.Debug|Any CPU.ActiveCfg = Debug|Any CPU
		{6860BB9E-6A74-4D4E-8D18-AB922034D9D2}.Debug|Any CPU.Build.0 = Debug|Any CPU
		{6860BB9E-6A74-4D4E-8D18-AB922034D9D2}.Release|Any CPU.ActiveCfg = Release|Any CPU
		{6860BB9E-6A74-4D4E-8D18-AB922034D9D2}.Release|Any CPU.Build.0 = Release|Any CPU
		{3FA4951F-4FF1-469C-838F-8C467B1EF467}.Debug|Any CPU.ActiveCfg = Debug|Any CPU
		{3FA4951F-4FF1-469C-838F-8C467B1EF467}.Debug|Any CPU.Build.0 = Debug|Any CPU
		{3FA4951F-4FF1-469C-838F-8C467B1EF467}.Release|Any CPU.ActiveCfg = Release|Any CPU
		{3FA4951F-4FF1-469C-838F-8C467B1EF467}.Release|Any CPU.Build.0 = Release|Any CPU
		{BF102498-14B9-48A5-B2A8-94B93A22879C}.Debug|Any CPU.ActiveCfg = Debug|Any CPU
		{BF102498-14B9-48A5-B2A8-94B93A22879C}.Debug|Any CPU.Build.0 = Debug|Any CPU
		{BF102498-14B9-48A5-B2A8-94B93A22879C}.Release|Any CPU.ActiveCfg = Release|Any CPU
		{BF102498-14B9-48A5-B2A8-94B93A22879C}.Release|Any CPU.Build.0 = Release|Any CPU
		{40755F95-871E-4469-9A30-2A2C727DACA7}.Debug|Any CPU.ActiveCfg = Debug|Any CPU
		{40755F95-871E-4469-9A30-2A2C727DACA7}.Debug|Any CPU.Build.0 = Debug|Any CPU
		{40755F95-871E-4469-9A30-2A2C727DACA7}.Release|Any CPU.ActiveCfg = Release|Any CPU
		{40755F95-871E-4469-9A30-2A2C727DACA7}.Release|Any CPU.Build.0 = Release|Any CPU
		{91204610-6A4F-4D40-86FC-B413BE2B1E3A}.Debug|Any CPU.ActiveCfg = Debug|Any CPU
		{91204610-6A4F-4D40-86FC-B413BE2B1E3A}.Debug|Any CPU.Build.0 = Debug|Any CPU
		{91204610-6A4F-4D40-86FC-B413BE2B1E3A}.Release|Any CPU.ActiveCfg = Release|Any CPU
		{91204610-6A4F-4D40-86FC-B413BE2B1E3A}.Release|Any CPU.Build.0 = Release|Any CPU
		{B9A21EFA-98D8-475D-A649-9F15F5C47D8E}.Debug|Any CPU.ActiveCfg = Debug|Any CPU
		{B9A21EFA-98D8-475D-A649-9F15F5C47D8E}.Debug|Any CPU.Build.0 = Debug|Any CPU
		{B9A21EFA-98D8-475D-A649-9F15F5C47D8E}.Release|Any CPU.ActiveCfg = Release|Any CPU
		{B9A21EFA-98D8-475D-A649-9F15F5C47D8E}.Release|Any CPU.Build.0 = Release|Any CPU
		{1FC8ADD4-7394-4A72-8CB5-4AE5C111DAC9}.Debug|Any CPU.ActiveCfg = Debug|Any CPU
		{1FC8ADD4-7394-4A72-8CB5-4AE5C111DAC9}.Debug|Any CPU.Build.0 = Debug|Any CPU
		{1FC8ADD4-7394-4A72-8CB5-4AE5C111DAC9}.Release|Any CPU.ActiveCfg = Release|Any CPU
		{1FC8ADD4-7394-4A72-8CB5-4AE5C111DAC9}.Release|Any CPU.Build.0 = Release|Any CPU
		{96ED0B27-654A-4D37-992A-183CD2BA15F6}.Debug|Any CPU.ActiveCfg = Debug|Any CPU
		{96ED0B27-654A-4D37-992A-183CD2BA15F6}.Debug|Any CPU.Build.0 = Debug|Any CPU
		{96ED0B27-654A-4D37-992A-183CD2BA15F6}.Release|Any CPU.ActiveCfg = Release|Any CPU
		{96ED0B27-654A-4D37-992A-183CD2BA15F6}.Release|Any CPU.Build.0 = Release|Any CPU
		{6D7DA36C-69C2-4B12-8BF3-00EC960C0021}.Debug|Any CPU.ActiveCfg = Debug|Any CPU
		{6D7DA36C-69C2-4B12-8BF3-00EC960C0021}.Debug|Any CPU.Build.0 = Debug|Any CPU
		{6D7DA36C-69C2-4B12-8BF3-00EC960C0021}.Release|Any CPU.ActiveCfg = Release|Any CPU
		{6D7DA36C-69C2-4B12-8BF3-00EC960C0021}.Release|Any CPU.Build.0 = Release|Any CPU
		{B39EA685-84A6-466C-A3DF-B24D93326C44}.Debug|Any CPU.ActiveCfg = Debug|Any CPU
		{B39EA685-84A6-466C-A3DF-B24D93326C44}.Debug|Any CPU.Build.0 = Debug|Any CPU
		{B39EA685-84A6-466C-A3DF-B24D93326C44}.Release|Any CPU.ActiveCfg = Release|Any CPU
		{B39EA685-84A6-466C-A3DF-B24D93326C44}.Release|Any CPU.Build.0 = Release|Any CPU
		{254997F1-9B09-488B-AC6E-DFFE6791F3E3}.Debug|Any CPU.ActiveCfg = Debug|Any CPU
		{254997F1-9B09-488B-AC6E-DFFE6791F3E3}.Debug|Any CPU.Build.0 = Debug|Any CPU
		{254997F1-9B09-488B-AC6E-DFFE6791F3E3}.Release|Any CPU.ActiveCfg = Release|Any CPU
		{254997F1-9B09-488B-AC6E-DFFE6791F3E3}.Release|Any CPU.Build.0 = Release|Any CPU
	EndGlobalSection
EndGlobal
